// !$*UTF8*$!
{
	archiveVersion = 1;
	classes = {
	};
	objectVersion = 55;
	objects = {

/* Begin PBXBuildFile section */
		8ED1397F284535BB00CA0C44 /* AppDelegate.swift in Sources */ = {isa = PBXBuildFile; fileRef = 8ED1397E284535BB00CA0C44 /* AppDelegate.swift */; };
		8ED13981284535BB00CA0C44 /* SceneDelegate.swift in Sources */ = {isa = PBXBuildFile; fileRef = 8ED13980284535BB00CA0C44 /* SceneDelegate.swift */; };
		8ED13983284535BB00CA0C44 /* ViewController.swift in Sources */ = {isa = PBXBuildFile; fileRef = 8ED13982284535BB00CA0C44 /* ViewController.swift */; };
		8ED13986284535BB00CA0C44 /* Main.storyboard in Resources */ = {isa = PBXBuildFile; fileRef = 8ED13984284535BB00CA0C44 /* Main.storyboard */; };
		8ED13988284535BD00CA0C44 /* Assets.xcassets in Resources */ = {isa = PBXBuildFile; fileRef = 8ED13987284535BD00CA0C44 /* Assets.xcassets */; };
		8ED1398B284535BD00CA0C44 /* LaunchScreen.storyboard in Resources */ = {isa = PBXBuildFile; fileRef = 8ED13989284535BD00CA0C44 /* LaunchScreen.storyboard */; };
		8ED1399728453F8600CA0C44 /* UserModel.swift in Sources */ = {isa = PBXBuildFile; fileRef = 8ED1399628453F8600CA0C44 /* UserModel.swift */; };
		8ED1399928453F9100CA0C44 /* UserViewModel.swift in Sources */ = {isa = PBXBuildFile; fileRef = 8ED1399828453F9100CA0C44 /* UserViewModel.swift */; };
		8ED1399B28453FA400CA0C44 /* UserListViewController.swift in Sources */ = {isa = PBXBuildFile; fileRef = 8ED1399A28453FA400CA0C44 /* UserListViewController.swift */; };
/* End PBXBuildFile section */

/* Begin PBXFileReference section */
		8ED1397B284535BB00CA0C44 /* observer-pattern.app */ = {isa = PBXFileReference; explicitFileType = wrapper.application; includeInIndex = 0; path = "observer-pattern.app"; sourceTree = BUILT_PRODUCTS_DIR; };
		8ED1397E284535BB00CA0C44 /* AppDelegate.swift */ = {isa = PBXFileReference; lastKnownFileType = sourcecode.swift; path = AppDelegate.swift; sourceTree = "<group>"; };
		8ED13980284535BB00CA0C44 /* SceneDelegate.swift */ = {isa = PBXFileReference; lastKnownFileType = sourcecode.swift; path = SceneDelegate.swift; sourceTree = "<group>"; };
		8ED13982284535BB00CA0C44 /* ViewController.swift */ = {isa = PBXFileReference; lastKnownFileType = sourcecode.swift; path = ViewController.swift; sourceTree = "<group>"; };
		8ED13985284535BB00CA0C44 /* Base */ = {isa = PBXFileReference; lastKnownFileType = file.storyboard; name = Base; path = Base.lproj/Main.storyboard; sourceTree = "<group>"; };
		8ED13987284535BD00CA0C44 /* Assets.xcassets */ = {isa = PBXFileReference; lastKnownFileType = folder.assetcatalog; path = Assets.xcassets; sourceTree = "<group>"; };
		8ED1398A284535BD00CA0C44 /* Base */ = {isa = PBXFileReference; lastKnownFileType = file.storyboard; name = Base; path = Base.lproj/LaunchScreen.storyboard; sourceTree = "<group>"; };
		8ED1398C284535BD00CA0C44 /* Info.plist */ = {isa = PBXFileReference; lastKnownFileType = text.plist.xml; path = Info.plist; sourceTree = "<group>"; };
		8ED1399628453F8600CA0C44 /* UserModel.swift */ = {isa = PBXFileReference; lastKnownFileType = sourcecode.swift; path = UserModel.swift; sourceTree = "<group>"; };
		8ED1399828453F9100CA0C44 /* UserViewModel.swift */ = {isa = PBXFileReference; lastKnownFileType = sourcecode.swift; path = UserViewModel.swift; sourceTree = "<group>"; };
		8ED1399A28453FA400CA0C44 /* UserListViewController.swift */ = {isa = PBXFileReference; lastKnownFileType = sourcecode.swift; path = UserListViewController.swift; sourceTree = "<group>"; };
/* End PBXFileReference section */

/* Begin PBXFrameworksBuildPhase section */
		8ED13978284535BB00CA0C44 /* Frameworks */ = {
			isa = PBXFrameworksBuildPhase;
			buildActionMask = 2147483647;
			files = (
			);
			runOnlyForDeploymentPostprocessing = 0;
		};
/* End PBXFrameworksBuildPhase section */

/* Begin PBXGroup section */
		8ED13972284535BB00CA0C44 = {
			isa = PBXGroup;
			children = (
				8ED1397D284535BB00CA0C44 /* observer-pattern */,
				8ED1397C284535BB00CA0C44 /* Products */,
			);
			sourceTree = "<group>";
		};
		8ED1397C284535BB00CA0C44 /* Products */ = {
			isa = PBXGroup;
			children = (
				8ED1397B284535BB00CA0C44 /* observer-pattern.app */,
			);
			name = Products;
			sourceTree = "<group>";
		};
		8ED1397D284535BB00CA0C44 /* observer-pattern */ = {
			isa = PBXGroup;
			children = (
				8ED1399228453F5300CA0C44 /* MVVM */,
				8ED1397E284535BB00CA0C44 /* AppDelegate.swift */,
				8ED13980284535BB00CA0C44 /* SceneDelegate.swift */,
				8ED13982284535BB00CA0C44 /* ViewController.swift */,
				8ED13984284535BB00CA0C44 /* Main.storyboard */,
				8ED13987284535BD00CA0C44 /* Assets.xcassets */,
				8ED13989284535BD00CA0C44 /* LaunchScreen.storyboard */,
				8ED1398C284535BD00CA0C44 /* Info.plist */,
			);
			path = "observer-pattern";
			sourceTree = "<group>";
		};
		8ED1399228453F5300CA0C44 /* MVVM */ = {
			isa = PBXGroup;
			children = (
				8ED1399528453F7200CA0C44 /* ViewModel */,
				8ED1399428453F6D00CA0C44 /* Model */,
				8ED1399328453F6600CA0C44 /* View */,
			);
			path = MVVM;
			sourceTree = "<group>";
		};
		8ED1399328453F6600CA0C44 /* View */ = {
			isa = PBXGroup;
			children = (
				8ED1399A28453FA400CA0C44 /* UserListViewController.swift */,
			);
			path = View;
			sourceTree = "<group>";
		};
		8ED1399428453F6D00CA0C44 /* Model */ = {
			isa = PBXGroup;
			children = (
				8ED1399628453F8600CA0C44 /* UserModel.swift */,
			);
			path = Model;
			sourceTree = "<group>";
		};
		8ED1399528453F7200CA0C44 /* ViewModel */ = {
			isa = PBXGroup;
			children = (
				8ED1399828453F9100CA0C44 /* UserViewModel.swift */,
			);
			path = ViewModel;
			sourceTree = "<group>";
		};
/* End PBXGroup section */

/* Begin PBXNativeTarget section */
		8ED1397A284535BB00CA0C44 /* observer-pattern */ = {
			isa = PBXNativeTarget;
			buildConfigurationList = 8ED1398F284535BD00CA0C44 /* Build configuration list for PBXNativeTarget "observer-pattern" */;
			buildPhases = (
				8ED13977284535BB00CA0C44 /* Sources */,
				8ED13978284535BB00CA0C44 /* Frameworks */,
				8ED13979284535BB00CA0C44 /* Resources */,
			);
			buildRules = (
			);
			dependencies = (
			);
			name = "observer-pattern";
			productName = "observer-pattern";
			productReference = 8ED1397B284535BB00CA0C44 /* observer-pattern.app */;
			productType = "com.apple.product-type.application";
		};
/* End PBXNativeTarget section */

/* Begin PBXProject section */
		8ED13973284535BB00CA0C44 /* Project object */ = {
			isa = PBXProject;
			attributes = {
				BuildIndependentTargetsInParallel = 1;
				LastSwiftUpdateCheck = 1330;
				LastUpgradeCheck = 1330;
				TargetAttributes = {
					8ED1397A284535BB00CA0C44 = {
						CreatedOnToolsVersion = 13.3.1;
					};
				};
			};
			buildConfigurationList = 8ED13976284535BB00CA0C44 /* Build configuration list for PBXProject "observer-pattern" */;
			compatibilityVersion = "Xcode 13.0";
			developmentRegion = en;
			hasScannedForEncodings = 0;
			knownRegions = (
				en,
				Base,
			);
			mainGroup = 8ED13972284535BB00CA0C44;
			productRefGroup = 8ED1397C284535BB00CA0C44 /* Products */;
			projectDirPath = "";
			projectRoot = "";
			targets = (
				8ED1397A284535BB00CA0C44 /* observer-pattern */,
			);
		};
/* End PBXProject section */

/* Begin PBXResourcesBuildPhase section */
		8ED13979284535BB00CA0C44 /* Resources */ = {
			isa = PBXResourcesBuildPhase;
			buildActionMask = 2147483647;
			files = (
				8ED1398B284535BD00CA0C44 /* LaunchScreen.storyboard in Resources */,
				8ED13988284535BD00CA0C44 /* Assets.xcassets in Resources */,
				8ED13986284535BB00CA0C44 /* Main.storyboard in Resources */,
			);
			runOnlyForDeploymentPostprocessing = 0;
		};
/* End PBXResourcesBuildPhase section */

/* Begin PBXSourcesBuildPhase section */
		8ED13977284535BB00CA0C44 /* Sources */ = {
			isa = PBXSourcesBuildPhase;
			buildActionMask = 2147483647;
			files = (
				8ED13983284535BB00CA0C44 /* ViewController.swift in Sources */,
				8ED1397F284535BB00CA0C44 /* AppDelegate.swift in Sources */,
				8ED1399728453F8600CA0C44 /* UserModel.swift in Sources */,
				8ED1399928453F9100CA0C44 /* UserViewModel.swift in Sources */,
				8ED13981284535BB00CA0C44 /* SceneDelegate.swift in Sources */,
				8ED1399B28453FA400CA0C44 /* UserListViewController.swift in Sources */,
			);
			runOnlyForDeploymentPostprocessing = 0;
		};
/* End PBXSourcesBuildPhase section */

/* Begin PBXVariantGroup section */
		8ED13984284535BB00CA0C44 /* Main.storyboard */ = {
			isa = PBXVariantGroup;
			children = (
				8ED13985284535BB00CA0C44 /* Base */,
			);
			name = Main.storyboard;
			sourceTree = "<group>";
		};
		8ED13989284535BD00CA0C44 /* LaunchScreen.storyboard */ = {
			isa = PBXVariantGroup;
			children = (
				8ED1398A284535BD00CA0C44 /* Base */,
			);
			name = LaunchScreen.storyboard;
			sourceTree = "<group>";
		};
/* End PBXVariantGroup section */

/* Begin XCBuildConfiguration section */
		8ED1398D284535BD00CA0C44 /* Debug */ = {
			isa = XCBuildConfiguration;
			buildSettings = {
				ALWAYS_SEARCH_USER_PATHS = NO;
				CLANG_ANALYZER_NONNULL = YES;
				CLANG_ANALYZER_NUMBER_OBJECT_CONVERSION = YES_AGGRESSIVE;
				CLANG_CXX_LANGUAGE_STANDARD = "gnu++17";
				CLANG_ENABLE_MODULES = YES;
				CLANG_ENABLE_OBJC_ARC = YES;
				CLANG_ENABLE_OBJC_WEAK = YES;
				CLANG_WARN_BLOCK_CAPTURE_AUTORELEASING = YES;
				CLANG_WARN_BOOL_CONVERSION = YES;
				CLANG_WARN_COMMA = YES;
				CLANG_WARN_CONSTANT_CONVERSION = YES;
				CLANG_WARN_DEPRECATED_OBJC_IMPLEMENTATIONS = YES;
				CLANG_WARN_DIRECT_OBJC_ISA_USAGE = YES_ERROR;
				CLANG_WARN_DOCUMENTATION_COMMENTS = YES;
				CLANG_WARN_EMPTY_BODY = YES;
				CLANG_WARN_ENUM_CONVERSION = YES;
				CLANG_WARN_INFINITE_RECURSION = YES;
				CLANG_WARN_INT_CONVERSION = YES;
				CLANG_WARN_NON_LITERAL_NULL_CONVERSION = YES;
				CLANG_WARN_OBJC_IMPLICIT_RETAIN_SELF = YES;
				CLANG_WARN_OBJC_LITERAL_CONVERSION = YES;
				CLANG_WARN_OBJC_ROOT_CLASS = YES_ERROR;
				CLANG_WARN_QUOTED_INCLUDE_IN_FRAMEWORK_HEADER = YES;
				CLANG_WARN_RANGE_LOOP_ANALYSIS = YES;
				CLANG_WARN_STRICT_PROTOTYPES = YES;
				CLANG_WARN_SUSPICIOUS_MOVE = YES;
				CLANG_WARN_UNGUARDED_AVAILABILITY = YES_AGGRESSIVE;
				CLANG_WARN_UNREACHABLE_CODE = YES;
				CLANG_WARN__DUPLICATE_METHOD_MATCH = YES;
				COPY_PHASE_STRIP = NO;
				DEBUG_INFORMATION_FORMAT = dwarf;
				ENABLE_STRICT_OBJC_MSGSEND = YES;
				ENABLE_TESTABILITY = YES;
				GCC_C_LANGUAGE_STANDARD = gnu11;
				GCC_DYNAMIC_NO_PIC = NO;
				GCC_NO_COMMON_BLOCKS = YES;
				GCC_OPTIMIZATION_LEVEL = 0;
				GCC_PREPROCESSOR_DEFINITIONS = (
					"DEBUG=1",
					"$(inherited)",
				);
				GCC_WARN_64_TO_32_BIT_CONVERSION = YES;
				GCC_WARN_ABOUT_RETURN_TYPE = YES_ERROR;
				GCC_WARN_UNDECLARED_SELECTOR = YES;
				GCC_WARN_UNINITIALIZED_AUTOS = YES_AGGRESSIVE;
				GCC_WARN_UNUSED_FUNCTION = YES;
				GCC_WARN_UNUSED_VARIABLE = YES;
				IPHONEOS_DEPLOYMENT_TARGET = 15.4;
				MTL_ENABLE_DEBUG_INFO = INCLUDE_SOURCE;
				MTL_FAST_MATH = YES;
				ONLY_ACTIVE_ARCH = YES;
				SDKROOT = iphoneos;
				SWIFT_ACTIVE_COMPILATION_CONDITIONS = DEBUG;
				SWIFT_OPTIMIZATION_LEVEL = "-Onone";
			};
			name = Debug;
		};
		8ED1398E284535BD00CA0C44 /* Release */ = {
			isa = XCBuildConfiguration;
			buildSettings = {
				ALWAYS_SEARCH_USER_PATHS = NO;
				CLANG_ANALYZER_NONNULL = YES;
				CLANG_ANALYZER_NUMBER_OBJECT_CONVERSION = YES_AGGRESSIVE;
				CLANG_CXX_LANGUAGE_STANDARD = "gnu++17";
				CLANG_ENABLE_MODULES = YES;
				CLANG_ENABLE_OBJC_ARC = YES;
				CLANG_ENABLE_OBJC_WEAK = YES;
				CLANG_WARN_BLOCK_CAPTURE_AUTORELEASING = YES;
				CLANG_WARN_BOOL_CONVERSION = YES;
				CLANG_WARN_COMMA = YES;
				CLANG_WARN_CONSTANT_CONVERSION = YES;
				CLANG_WARN_DEPRECATED_OBJC_IMPLEMENTATIONS = YES;
				CLANG_WARN_DIRECT_OBJC_ISA_USAGE = YES_ERROR;
				CLANG_WARN_DOCUMENTATION_COMMENTS = YES;
				CLANG_WARN_EMPTY_BODY = YES;
				CLANG_WARN_ENUM_CONVERSION = YES;
				CLANG_WARN_INFINITE_RECURSION = YES;
				CLANG_WARN_INT_CONVERSION = YES;
				CLANG_WARN_NON_LITERAL_NULL_CONVERSION = YES;
				CLANG_WARN_OBJC_IMPLICIT_RETAIN_SELF = YES;
				CLANG_WARN_OBJC_LITERAL_CONVERSION = YES;
				CLANG_WARN_OBJC_ROOT_CLASS = YES_ERROR;
				CLANG_WARN_QUOTED_INCLUDE_IN_FRAMEWORK_HEADER = YES;
				CLANG_WARN_RANGE_LOOP_ANALYSIS = YES;
				CLANG_WARN_STRICT_PROTOTYPES = YES;
				CLANG_WARN_SUSPICIOUS_MOVE = YES;
				CLANG_WARN_UNGUARDED_AVAILABILITY = YES_AGGRESSIVE;
				CLANG_WARN_UNREACHABLE_CODE = YES;
				CLANG_WARN__DUPLICATE_METHOD_MATCH = YES;
				COPY_PHASE_STRIP = NO;
				DEBUG_INFORMATION_FORMAT = "dwarf-with-dsym";
				ENABLE_NS_ASSERTIONS = NO;
				ENABLE_STRICT_OBJC_MSGSEND = YES;
				GCC_C_LANGUAGE_STANDARD = gnu11;
				GCC_NO_COMMON_BLOCKS = YES;
				GCC_WARN_64_TO_32_BIT_CONVERSION = YES;
				GCC_WARN_ABOUT_RETURN_TYPE = YES_ERROR;
				GCC_WARN_UNDECLARED_SELECTOR = YES;
				GCC_WARN_UNINITIALIZED_AUTOS = YES_AGGRESSIVE;
				GCC_WARN_UNUSED_FUNCTION = YES;
				GCC_WARN_UNUSED_VARIABLE = YES;
				IPHONEOS_DEPLOYMENT_TARGET = 15.4;
				MTL_ENABLE_DEBUG_INFO = NO;
				MTL_FAST_MATH = YES;
				SDKROOT = iphoneos;
				SWIFT_COMPILATION_MODE = wholemodule;
				SWIFT_OPTIMIZATION_LEVEL = "-O";
				VALIDATE_PRODUCT = YES;
			};
			name = Release;
		};
		8ED13990284535BD00CA0C44 /* Debug */ = {
			isa = XCBuildConfiguration;
			buildSettings = {
				ASSETCATALOG_COMPILER_APPICON_NAME = AppIcon;
				ASSETCATALOG_COMPILER_GLOBAL_ACCENT_COLOR_NAME = AccentColor;
				CODE_SIGN_STYLE = Automatic;
				CURRENT_PROJECT_VERSION = 1;
				DEVELOPMENT_TEAM = Z6247PH2JQ;
				GENERATE_INFOPLIST_FILE = YES;
				INFOPLIST_FILE = "observer-pattern/Info.plist";
				INFOPLIST_KEY_UIApplicationSupportsIndirectInputEvents = YES;
				INFOPLIST_KEY_UILaunchStoryboardName = LaunchScreen;
				INFOPLIST_KEY_UIMainStoryboardFile = Main;
				INFOPLIST_KEY_UISupportedInterfaceOrientations_iPad = "UIInterfaceOrientationPortrait UIInterfaceOrientationPortraitUpsideDown UIInterfaceOrientationLandscapeLeft UIInterfaceOrientationLandscapeRight";
				INFOPLIST_KEY_UISupportedInterfaceOrientations_iPhone = "UIInterfaceOrientationPortrait UIInterfaceOrientationLandscapeLeft UIInterfaceOrientationLandscapeRight";
				LD_RUNPATH_SEARCH_PATHS = (
					"$(inherited)",
					"@executable_path/Frameworks",
				);
				MARKETING_VERSION = 1.0;
				PRODUCT_BUNDLE_IDENTIFIER = "com.victorroldan.observer-pattern";
				PRODUCT_NAME = "$(TARGET_NAME)";
				SWIFT_EMIT_LOC_STRINGS = YES;
				SWIFT_VERSION = 5.0;
				TARGETED_DEVICE_FAMILY = "1,2";
			};
			name = Debug;
		};
		8ED13991284535BD00CA0C44 /* Release */ = {
			isa = XCBuildConfiguration;
			buildSettings = {
				ASSETCATALOG_COMPILER_APPICON_NAME = AppIcon;
				ASSETCATALOG_COMPILER_GLOBAL_ACCENT_COLOR_NAME = AccentColor;
				CODE_SIGN_STYLE = Automatic;
				CURRENT_PROJECT_VERSION = 1;
				DEVELOPMENT_TEAM = Z6247PH2JQ;
				GENERATE_INFOPLIST_FILE = YES;
				INFOPLIST_FILE = "observer-pattern/Info.plist";
				INFOPLIST_KEY_UIApplicationSupportsIndirectInputEvents = YES;
				INFOPLIST_KEY_UILaunchStoryboardName = LaunchScreen;
				INFOPLIST_KEY_UIMainStoryboardFile = Main;
				INFOPLIST_KEY_UISupportedInterfaceOrientations_iPad = "UIInterfaceOrientationPortrait UIInterfaceOrientationPortraitUpsideDown UIInterfaceOrientationLandscapeLeft UIInterfaceOrientationLandscapeRight";
				INFOPLIST_KEY_UISupportedInterfaceOrientations_iPhone = "UIInterfaceOrientationPortrait UIInterfaceOrientationLandscapeLeft UIInterfaceOrientationLandscapeRight";
				LD_RUNPATH_SEARCH_PATHS = (
					"$(inherited)",
					"@executable_path/Frameworks",
				);
				MARKETING_VERSION = 1.0;
				PRODUCT_BUNDLE_IDENTIFIER = "com.victorroldan.observer-pattern";
				PRODUCT_NAME = "$(TARGET_NAME)";
				SWIFT_EMIT_LOC_STRINGS = YES;
				SWIFT_VERSION = 5.0;
				TARGETED_DEVICE_FAMILY = "1,2";
			};
			name = Release;
		};
/* End XCBuildConfiguration section */

/* Begin XCConfigurationList section */
		8ED13976284535BB00CA0C44 /* Build configuration list for PBXProject "observer-pattern" */ = {
			isa = XCConfigurationList;
			buildConfigurations = (
				8ED1398D284535BD00CA0C44 /* Debug */,
				8ED1398E284535BD00CA0C44 /* Release */,
			);
			defaultConfigurationIsVisible = 0;
			defaultConfigurationName = Release;
		};
		8ED1398F284535BD00CA0C44 /* Build configuration list for PBXNativeTarget "observer-pattern" */ = {
			isa = XCConfigurationList;
			buildConfigurations = (
				8ED13990284535BD00CA0C44 /* Debug */,
				8ED13991284535BD00CA0C44 /* Release */,
			);
			defaultConfigurationIsVisible = 0;
			defaultConfigurationName = Release;
		};
/* End XCConfigurationList section */
	};
	rootObject = 8ED13973284535BB00CA0C44 /* Project object */;
}
